// !$*UTF8*$!
{
	archiveVersion = 1;
	classes = {
	};
	objectVersion = 46;
	objects = {

/* Begin PBXBuildFile section */
		030C7A6115EE8D730050DFB5 /* Cocoa.framework in Frameworks */ = {isa = PBXBuildFile; fileRef = 03970EF91315CE4400F15C7E /* Cocoa.framework */; };
		030C7A6B15EE8D730050DFB5 /* InfoPlist.strings in Resources */ = {isa = PBXBuildFile; fileRef = 030C7A6915EE8D730050DFB5 /* InfoPlist.strings */; };
		030C7A6D15EE8D730050DFB5 /* main.m in Sources */ = {isa = PBXBuildFile; fileRef = 030C7A6C15EE8D730050DFB5 /* main.m */; };
		030C7A7115EE8D730050DFB5 /* Credits.rtf in Resources */ = {isa = PBXBuildFile; fileRef = 030C7A6F15EE8D730050DFB5 /* Credits.rtf */; };
		030C7A7415EE8D730050DFB5 /* Document.m in Sources */ = {isa = PBXBuildFile; fileRef = 030C7A7315EE8D730050DFB5 /* Document.m */; };
		030C7A7715EE8D730050DFB5 /* Document.xib in Resources */ = {isa = PBXBuildFile; fileRef = 030C7A7515EE8D730050DFB5 /* Document.xib */; };
		030C7A7A15EE8D730050DFB5 /* MainMenu.xib in Resources */ = {isa = PBXBuildFile; fileRef = 030C7A7815EE8D730050DFB5 /* MainMenu.xib */; };
		03657F34187A4D1500C969BA /* INAppStoreWindow.m in Sources */ = {isa = PBXBuildFile; fileRef = 03657F31187A4D1500C969BA /* INAppStoreWindow.m */; };
		03657F35187A4D1500C969BA /* INAppStoreWindow.m in Sources */ = {isa = PBXBuildFile; fileRef = 03657F31187A4D1500C969BA /* INAppStoreWindow.m */; };
		03657F36187A4D1500C969BA /* INWindowButton.m in Sources */ = {isa = PBXBuildFile; fileRef = 03657F33187A4D1500C969BA /* INWindowButton.m */; };
		03657F37187A4D1500C969BA /* INWindowButton.m in Sources */ = {isa = PBXBuildFile; fileRef = 03657F33187A4D1500C969BA /* INWindowButton.m */; };
		03657F3B187A4D6B00C969BA /* NSDocument+INAppStoreWindowFixes.m in Sources */ = {isa = PBXBuildFile; fileRef = 03657F3A187A4D6B00C969BA /* NSDocument+INAppStoreWindowFixes.m */; };
		03970EFA1315CE4400F15C7E /* Cocoa.framework in Frameworks */ = {isa = PBXBuildFile; fileRef = 03970EF91315CE4400F15C7E /* Cocoa.framework */; };
		03970F041315CE4400F15C7E /* InfoPlist.strings in Resources */ = {isa = PBXBuildFile; fileRef = 03970F021315CE4400F15C7E /* InfoPlist.strings */; };
		03970F071315CE4400F15C7E /* main.m in Sources */ = {isa = PBXBuildFile; fileRef = 03970F061315CE4400F15C7E /* main.m */; };
		03970F0A1315CE4400F15C7E /* Credits.rtf in Resources */ = {isa = PBXBuildFile; fileRef = 03970F081315CE4400F15C7E /* Credits.rtf */; };
		03970F0D1315CE4400F15C7E /* SampleAppAppDelegate.m in Sources */ = {isa = PBXBuildFile; fileRef = 03970F0C1315CE4400F15C7E /* SampleAppAppDelegate.m */; };
		03970F101315CE4400F15C7E /* MainMenu.xib in Resources */ = {isa = PBXBuildFile; fileRef = 03970F0E1315CE4400F15C7E /* MainMenu.xib */; };
		03970F1C1315CECF00F15C7E /* SampleWindowController.m in Sources */ = {isa = PBXBuildFile; fileRef = 03970F1B1315CECF00F15C7E /* SampleWindowController.m */; };
		03970F1E1315D2CB00F15C7E /* SampleWindow.xib in Resources */ = {isa = PBXBuildFile; fileRef = 03970F1D1315D2CB00F15C7E /* SampleWindow.xib */; };
		140B90C2195E0DC9009D9445 /* Carbon.framework in Frameworks */ = {isa = PBXBuildFile; fileRef = 140B90C1195E0DC8009D9445 /* Carbon.framework */; };
		140B90C3195E0DE0009D9445 /* INWindowBackgroundView+CoreUIRendering.m in Sources */ = {isa = PBXBuildFile; fileRef = 14F93E5C1884433200FAF7C8 /* INWindowBackgroundView+CoreUIRendering.m */; };
		140B90C4195E0DE1009D9445 /* INWindowBackgroundView+CoreUIRendering.m in Sources */ = {isa = PBXBuildFile; fileRef = 14F93E5C1884433200FAF7C8 /* INWindowBackgroundView+CoreUIRendering.m */; };
		14732BB41960C41D00593899 /* Carbon.framework in Frameworks */ = {isa = PBXBuildFile; fileRef = 140B90C1195E0DC8009D9445 /* Carbon.framework */; };
		14F93E611884477000FAF7C8 /* INAppStoreWindowSwizzling.c in Sources */ = {isa = PBXBuildFile; fileRef = 14F93E601884477000FAF7C8 /* INAppStoreWindowSwizzling.c */; };
		14F93E621884477000FAF7C8 /* INAppStoreWindowSwizzling.c in Sources */ = {isa = PBXBuildFile; fileRef = 14F93E601884477000FAF7C8 /* INAppStoreWindowSwizzling.c */; };
		E924075116A2F4F200989DF3 /* close-active-color.tiff in Resources */ = {isa = PBXBuildFile; fileRef = E924073D16A2F4F200989DF3 /* close-active-color.tiff */; };
		E924075216A2F4F200989DF3 /* close-active-color.tiff in Resources */ = {isa = PBXBuildFile; fileRef = E924073D16A2F4F200989DF3 /* close-active-color.tiff */; };
		E924075316A2F4F200989DF3 /* close-activenokey-color.tiff in Resources */ = {isa = PBXBuildFile; fileRef = E924073E16A2F4F200989DF3 /* close-activenokey-color.tiff */; };
		E924075416A2F4F200989DF3 /* close-activenokey-color.tiff in Resources */ = {isa = PBXBuildFile; fileRef = E924073E16A2F4F200989DF3 /* close-activenokey-color.tiff */; };
		E924075516A2F4F200989DF3 /* close-inactive-disabled-color.tiff in Resources */ = {isa = PBXBuildFile; fileRef = E924073F16A2F4F200989DF3 /* close-inactive-disabled-color.tiff */; };
		E924075616A2F4F200989DF3 /* close-inactive-disabled-color.tiff in Resources */ = {isa = PBXBuildFile; fileRef = E924073F16A2F4F200989DF3 /* close-inactive-disabled-color.tiff */; };
		E924075716A2F4F200989DF3 /* close-pd-color.tiff in Resources */ = {isa = PBXBuildFile; fileRef = E924074016A2F4F200989DF3 /* close-pd-color.tiff */; };
		E924075816A2F4F200989DF3 /* close-pd-color.tiff in Resources */ = {isa = PBXBuildFile; fileRef = E924074016A2F4F200989DF3 /* close-pd-color.tiff */; };
		E924075916A2F4F200989DF3 /* close-rollover-color.tiff in Resources */ = {isa = PBXBuildFile; fileRef = E924074116A2F4F200989DF3 /* close-rollover-color.tiff */; };
		E924075A16A2F4F200989DF3 /* close-rollover-color.tiff in Resources */ = {isa = PBXBuildFile; fileRef = E924074116A2F4F200989DF3 /* close-rollover-color.tiff */; };
		E924076516A2F4F200989DF3 /* minimize-active-color.tiff in Resources */ = {isa = PBXBuildFile; fileRef = E924074716A2F4F200989DF3 /* minimize-active-color.tiff */; };
		E924076616A2F4F200989DF3 /* minimize-active-color.tiff in Resources */ = {isa = PBXBuildFile; fileRef = E924074716A2F4F200989DF3 /* minimize-active-color.tiff */; };
		E924076716A2F4F200989DF3 /* minimize-activenokey-color.tiff in Resources */ = {isa = PBXBuildFile; fileRef = E924074816A2F4F200989DF3 /* minimize-activenokey-color.tiff */; };
		E924076816A2F4F200989DF3 /* minimize-activenokey-color.tiff in Resources */ = {isa = PBXBuildFile; fileRef = E924074816A2F4F200989DF3 /* minimize-activenokey-color.tiff */; };
		E924076916A2F4F200989DF3 /* minimize-inactive-disabled-color.tiff in Resources */ = {isa = PBXBuildFile; fileRef = E924074916A2F4F200989DF3 /* minimize-inactive-disabled-color.tiff */; };
		E924076A16A2F4F200989DF3 /* minimize-inactive-disabled-color.tiff in Resources */ = {isa = PBXBuildFile; fileRef = E924074916A2F4F200989DF3 /* minimize-inactive-disabled-color.tiff */; };
		E924076B16A2F4F200989DF3 /* minimize-pd-color.tiff in Resources */ = {isa = PBXBuildFile; fileRef = E924074A16A2F4F200989DF3 /* minimize-pd-color.tiff */; };
		E924076C16A2F4F200989DF3 /* minimize-pd-color.tiff in Resources */ = {isa = PBXBuildFile; fileRef = E924074A16A2F4F200989DF3 /* minimize-pd-color.tiff */; };
		E924076D16A2F4F200989DF3 /* minimize-rollover-color.tiff in Resources */ = {isa = PBXBuildFile; fileRef = E924074B16A2F4F200989DF3 /* minimize-rollover-color.tiff */; };
		E924076E16A2F4F200989DF3 /* minimize-rollover-color.tiff in Resources */ = {isa = PBXBuildFile; fileRef = E924074B16A2F4F200989DF3 /* minimize-rollover-color.tiff */; };
		E924076F16A2F4F200989DF3 /* zoom-active-color.tiff in Resources */ = {isa = PBXBuildFile; fileRef = E924074C16A2F4F200989DF3 /* zoom-active-color.tiff */; };
		E924077016A2F4F200989DF3 /* zoom-active-color.tiff in Resources */ = {isa = PBXBuildFile; fileRef = E924074C16A2F4F200989DF3 /* zoom-active-color.tiff */; };
		E924077116A2F4F200989DF3 /* zoom-activenokey-color.tiff in Resources */ = {isa = PBXBuildFile; fileRef = E924074D16A2F4F200989DF3 /* zoom-activenokey-color.tiff */; };
		E924077216A2F4F200989DF3 /* zoom-activenokey-color.tiff in Resources */ = {isa = PBXBuildFile; fileRef = E924074D16A2F4F200989DF3 /* zoom-activenokey-color.tiff */; };
		E924077316A2F4F200989DF3 /* zoom-inactive-disabled-color.tiff in Resources */ = {isa = PBXBuildFile; fileRef = E924074E16A2F4F200989DF3 /* zoom-inactive-disabled-color.tiff */; };
		E924077416A2F4F200989DF3 /* zoom-inactive-disabled-color.tiff in Resources */ = {isa = PBXBuildFile; fileRef = E924074E16A2F4F200989DF3 /* zoom-inactive-disabled-color.tiff */; };
		E924077516A2F4F200989DF3 /* zoom-pd-color.tiff in Resources */ = {isa = PBXBuildFile; fileRef = E924074F16A2F4F200989DF3 /* zoom-pd-color.tiff */; };
		E924077616A2F4F200989DF3 /* zoom-pd-color.tiff in Resources */ = {isa = PBXBuildFile; fileRef = E924074F16A2F4F200989DF3 /* zoom-pd-color.tiff */; };
		E924077716A2F4F200989DF3 /* zoom-rollover-color.tiff in Resources */ = {isa = PBXBuildFile; fileRef = E924075016A2F4F200989DF3 /* zoom-rollover-color.tiff */; };
		E924077816A2F4F200989DF3 /* zoom-rollover-color.tiff in Resources */ = {isa = PBXBuildFile; fileRef = E924075016A2F4F200989DF3 /* zoom-rollover-color.tiff */; };
/* End PBXBuildFile section */

/* Begin PBXFileReference section */
		030C7A5F15EE8D730050DFB5 /* SampleDocumentApp.app */ = {isa = PBXFileReference; explicitFileType = wrapper.application; includeInIndex = 0; path = SampleDocumentApp.app; sourceTree = BUILT_PRODUCTS_DIR; };
		030C7A6815EE8D730050DFB5 /* SampleDocumentApp-Info.plist */ = {isa = PBXFileReference; lastKnownFileType = text.plist.xml; path = "SampleDocumentApp-Info.plist"; sourceTree = "<group>"; };
		030C7A6A15EE8D730050DFB5 /* en */ = {isa = PBXFileReference; lastKnownFileType = text.plist.strings; name = en; path = en.lproj/InfoPlist.strings; sourceTree = "<group>"; };
		030C7A6C15EE8D730050DFB5 /* main.m */ = {isa = PBXFileReference; lastKnownFileType = sourcecode.c.objc; path = main.m; sourceTree = "<group>"; };
		030C7A6E15EE8D730050DFB5 /* SampleDocumentApp-Prefix.pch */ = {isa = PBXFileReference; lastKnownFileType = sourcecode.c.h; path = "SampleDocumentApp-Prefix.pch"; sourceTree = "<group>"; };
		030C7A7015EE8D730050DFB5 /* en */ = {isa = PBXFileReference; lastKnownFileType = text.rtf; name = en; path = en.lproj/Credits.rtf; sourceTree = "<group>"; };
		030C7A7215EE8D730050DFB5 /* Document.h */ = {isa = PBXFileReference; lastKnownFileType = sourcecode.c.h; path = Document.h; sourceTree = "<group>"; };
		030C7A7315EE8D730050DFB5 /* Document.m */ = {isa = PBXFileReference; lastKnownFileType = sourcecode.c.objc; path = Document.m; sourceTree = "<group>"; };
		030C7A7615EE8D730050DFB5 /* en */ = {isa = PBXFileReference; lastKnownFileType = file.xib; name = en; path = en.lproj/Document.xib; sourceTree = "<group>"; };
		030C7A7915EE8D730050DFB5 /* en */ = {isa = PBXFileReference; lastKnownFileType = file.xib; name = en; path = en.lproj/MainMenu.xib; sourceTree = "<group>"; };
		03657F30187A4D1500C969BA /* INAppStoreWindow.h */ = {isa = PBXFileReference; fileEncoding = 4; lastKnownFileType = sourcecode.c.h; path = INAppStoreWindow.h; sourceTree = "<group>"; };
		03657F31187A4D1500C969BA /* INAppStoreWindow.m */ = {isa = PBXFileReference; fileEncoding = 4; lastKnownFileType = sourcecode.c.objc; path = INAppStoreWindow.m; sourceTree = "<group>"; };
		03657F32187A4D1500C969BA /* INWindowButton.h */ = {isa = PBXFileReference; fileEncoding = 4; lastKnownFileType = sourcecode.c.h; path = INWindowButton.h; sourceTree = "<group>"; };
		03657F33187A4D1500C969BA /* INWindowButton.m */ = {isa = PBXFileReference; fileEncoding = 4; lastKnownFileType = sourcecode.c.objc; path = INWindowButton.m; sourceTree = "<group>"; };
		03657F39187A4D6B00C969BA /* NSDocument+INAppStoreWindowFixes.h */ = {isa = PBXFileReference; fileEncoding = 4; lastKnownFileType = sourcecode.c.h; path = "NSDocument+INAppStoreWindowFixes.h"; sourceTree = "<group>"; };
		03657F3A187A4D6B00C969BA /* NSDocument+INAppStoreWindowFixes.m */ = {isa = PBXFileReference; fileEncoding = 4; lastKnownFileType = sourcecode.c.objc; path = "NSDocument+INAppStoreWindowFixes.m"; sourceTree = "<group>"; };
		03970EF51315CE4400F15C7E /* SampleApp.app */ = {isa = PBXFileReference; explicitFileType = wrapper.application; includeInIndex = 0; path = SampleApp.app; sourceTree = BUILT_PRODUCTS_DIR; };
		03970EF91315CE4400F15C7E /* Cocoa.framework */ = {isa = PBXFileReference; lastKnownFileType = wrapper.framework; name = Cocoa.framework; path = System/Library/Frameworks/Cocoa.framework; sourceTree = SDKROOT; };
		03970F011315CE4400F15C7E /* SampleApp-Info.plist */ = {isa = PBXFileReference; lastKnownFileType = text.plist.xml; path = "SampleApp-Info.plist"; sourceTree = "<group>"; };
		03970F031315CE4400F15C7E /* en */ = {isa = PBXFileReference; lastKnownFileType = text.plist.strings; name = en; path = en.lproj/InfoPlist.strings; sourceTree = "<group>"; };
		03970F051315CE4400F15C7E /* SampleApp-Prefix.pch */ = {isa = PBXFileReference; lastKnownFileType = sourcecode.c.h; path = "SampleApp-Prefix.pch"; sourceTree = "<group>"; };
		03970F061315CE4400F15C7E /* main.m */ = {isa = PBXFileReference; lastKnownFileType = sourcecode.c.objc; path = main.m; sourceTree = "<group>"; };
		03970F091315CE4400F15C7E /* en */ = {isa = PBXFileReference; lastKnownFileType = text.rtf; name = en; path = en.lproj/Credits.rtf; sourceTree = "<group>"; };
		03970F0B1315CE4400F15C7E /* SampleAppAppDelegate.h */ = {isa = PBXFileReference; lastKnownFileType = sourcecode.c.h; path = SampleAppAppDelegate.h; sourceTree = "<group>"; };
		03970F0C1315CE4400F15C7E /* SampleAppAppDelegate.m */ = {isa = PBXFileReference; lastKnownFileType = sourcecode.c.objc; path = SampleAppAppDelegate.m; sourceTree = "<group>"; };
		03970F0F1315CE4400F15C7E /* en */ = {isa = PBXFileReference; lastKnownFileType = file.xib; name = en; path = en.lproj/MainMenu.xib; sourceTree = "<group>"; };
		03970F1A1315CECF00F15C7E /* SampleWindowController.h */ = {isa = PBXFileReference; fileEncoding = 4; lastKnownFileType = sourcecode.c.h; path = SampleWindowController.h; sourceTree = "<group>"; };
		03970F1B1315CECF00F15C7E /* SampleWindowController.m */ = {isa = PBXFileReference; fileEncoding = 4; lastKnownFileType = sourcecode.c.objc; path = SampleWindowController.m; sourceTree = "<group>"; };
		03970F1D1315D2CB00F15C7E /* SampleWindow.xib */ = {isa = PBXFileReference; fileEncoding = 4; lastKnownFileType = file.xib; path = SampleWindow.xib; sourceTree = "<group>"; };
		140B90C1195E0DC8009D9445 /* Carbon.framework */ = {isa = PBXFileReference; lastKnownFileType = wrapper.framework; name = Carbon.framework; path = System/Library/Frameworks/Carbon.framework; sourceTree = SDKROOT; };
		14739470194C31330012F94C /* INAppStoreWindowCompatibility.h */ = {isa = PBXFileReference; lastKnownFileType = sourcecode.c.h; path = INAppStoreWindowCompatibility.h; sourceTree = "<group>"; };
		14F93E5B1884433200FAF7C8 /* INWindowBackgroundView+CoreUIRendering.h */ = {isa = PBXFileReference; fileEncoding = 4; lastKnownFileType = sourcecode.c.h; path = "INWindowBackgroundView+CoreUIRendering.h"; sourceTree = "<group>"; };
		14F93E5C1884433200FAF7C8 /* INWindowBackgroundView+CoreUIRendering.m */ = {isa = PBXFileReference; fileEncoding = 4; lastKnownFileType = sourcecode.c.objc; path = "INWindowBackgroundView+CoreUIRendering.m"; sourceTree = "<group>"; };
		14F93E5F1884477000FAF7C8 /* INAppStoreWindowSwizzling.h */ = {isa = PBXFileReference; fileEncoding = 4; lastKnownFileType = sourcecode.c.h; path = INAppStoreWindowSwizzling.h; sourceTree = "<group>"; };
		14F93E601884477000FAF7C8 /* INAppStoreWindowSwizzling.c */ = {isa = PBXFileReference; fileEncoding = 4; lastKnownFileType = sourcecode.c.c; path = INAppStoreWindowSwizzling.c; sourceTree = "<group>"; };
		E924073D16A2F4F200989DF3 /* close-active-color.tiff */ = {isa = PBXFileReference; lastKnownFileType = image.tiff; path = "close-active-color.tiff"; sourceTree = "<group>"; };
		E924073E16A2F4F200989DF3 /* close-activenokey-color.tiff */ = {isa = PBXFileReference; lastKnownFileType = image.tiff; path = "close-activenokey-color.tiff"; sourceTree = "<group>"; };
		E924073F16A2F4F200989DF3 /* close-inactive-disabled-color.tiff */ = {isa = PBXFileReference; lastKnownFileType = image.tiff; path = "close-inactive-disabled-color.tiff"; sourceTree = "<group>"; };
		E924074016A2F4F200989DF3 /* close-pd-color.tiff */ = {isa = PBXFileReference; lastKnownFileType = image.tiff; path = "close-pd-color.tiff"; sourceTree = "<group>"; };
		E924074116A2F4F200989DF3 /* close-rollover-color.tiff */ = {isa = PBXFileReference; lastKnownFileType = image.tiff; path = "close-rollover-color.tiff"; sourceTree = "<group>"; };
		E924074716A2F4F200989DF3 /* minimize-active-color.tiff */ = {isa = PBXFileReference; lastKnownFileType = image.tiff; path = "minimize-active-color.tiff"; sourceTree = "<group>"; };
		E924074816A2F4F200989DF3 /* minimize-activenokey-color.tiff */ = {isa = PBXFileReference; lastKnownFileType = image.tiff; path = "minimize-activenokey-color.tiff"; sourceTree = "<group>"; };
		E924074916A2F4F200989DF3 /* minimize-inactive-disabled-color.tiff */ = {isa = PBXFileReference; lastKnownFileType = image.tiff; path = "minimize-inactive-disabled-color.tiff"; sourceTree = "<group>"; };
		E924074A16A2F4F200989DF3 /* minimize-pd-color.tiff */ = {isa = PBXFileReference; lastKnownFileType = image.tiff; path = "minimize-pd-color.tiff"; sourceTree = "<group>"; };
		E924074B16A2F4F200989DF3 /* minimize-rollover-color.tiff */ = {isa = PBXFileReference; lastKnownFileType = image.tiff; path = "minimize-rollover-color.tiff"; sourceTree = "<group>"; };
		E924074C16A2F4F200989DF3 /* zoom-active-color.tiff */ = {isa = PBXFileReference; lastKnownFileType = image.tiff; path = "zoom-active-color.tiff"; sourceTree = "<group>"; };
		E924074D16A2F4F200989DF3 /* zoom-activenokey-color.tiff */ = {isa = PBXFileReference; lastKnownFileType = image.tiff; path = "zoom-activenokey-color.tiff"; sourceTree = "<group>"; };
		E924074E16A2F4F200989DF3 /* zoom-inactive-disabled-color.tiff */ = {isa = PBXFileReference; lastKnownFileType = image.tiff; path = "zoom-inactive-disabled-color.tiff"; sourceTree = "<group>"; };
		E924074F16A2F4F200989DF3 /* zoom-pd-color.tiff */ = {isa = PBXFileReference; lastKnownFileType = image.tiff; path = "zoom-pd-color.tiff"; sourceTree = "<group>"; };
		E924075016A2F4F200989DF3 /* zoom-rollover-color.tiff */ = {isa = PBXFileReference; lastKnownFileType = image.tiff; path = "zoom-rollover-color.tiff"; sourceTree = "<group>"; };
/* End PBXFileReference section */

/* Begin PBXFrameworksBuildPhase section */
		030C7A5C15EE8D730050DFB5 /* Frameworks */ = {
			isa = PBXFrameworksBuildPhase;
			buildActionMask = 2147483647;
			files = (
				14732BB41960C41D00593899 /* Carbon.framework in Frameworks */,
				030C7A6115EE8D730050DFB5 /* Cocoa.framework in Frameworks */,
			);
			runOnlyForDeploymentPostprocessing = 0;
		};
		03970EF21315CE4400F15C7E /* Frameworks */ = {
			isa = PBXFrameworksBuildPhase;
			buildActionMask = 2147483647;
			files = (
				140B90C2195E0DC9009D9445 /* Carbon.framework in Frameworks */,
				03970EFA1315CE4400F15C7E /* Cocoa.framework in Frameworks */,
			);
			runOnlyForDeploymentPostprocessing = 0;
		};
/* End PBXFrameworksBuildPhase section */

/* Begin PBXGroup section */
		030C7A6615EE8D730050DFB5 /* SampleDocumentApp */ = {
			isa = PBXGroup;
			children = (
				030C7A7215EE8D730050DFB5 /* Document.h */,
				030C7A7315EE8D730050DFB5 /* Document.m */,
				030C7A7515EE8D730050DFB5 /* Document.xib */,
				030C7A7815EE8D730050DFB5 /* MainMenu.xib */,
				030C7A6715EE8D730050DFB5 /* Supporting Files */,
			);
			name = SampleDocumentApp;
			path = Examples/SampleDocumentApp;
			sourceTree = "<group>";
		};
		030C7A6715EE8D730050DFB5 /* Supporting Files */ = {
			isa = PBXGroup;
			children = (
				030C7A6F15EE8D730050DFB5 /* Credits.rtf */,
				030C7A6915EE8D730050DFB5 /* InfoPlist.strings */,
				030C7A6815EE8D730050DFB5 /* SampleDocumentApp-Info.plist */,
				030C7A6E15EE8D730050DFB5 /* SampleDocumentApp-Prefix.pch */,
				030C7A6C15EE8D730050DFB5 /* main.m */,
			);
			name = "Supporting Files";
			sourceTree = "<group>";
		};
		03657F38187A4D1F00C969BA /* Extensions */ = {
			isa = PBXGroup;
			children = (
				14F93E5F1884477000FAF7C8 /* INAppStoreWindowSwizzling.h */,
				14F93E601884477000FAF7C8 /* INAppStoreWindowSwizzling.c */,
				14F93E5B1884433200FAF7C8 /* INWindowBackgroundView+CoreUIRendering.h */,
				14F93E5C1884433200FAF7C8 /* INWindowBackgroundView+CoreUIRendering.m */,
				03657F39187A4D6B00C969BA /* NSDocument+INAppStoreWindowFixes.h */,
				03657F3A187A4D6B00C969BA /* NSDocument+INAppStoreWindowFixes.m */,
			);
			path = Extensions;
			sourceTree = "<group>";
		};
		03970EEA1315CE4400F15C7E = {
			isa = PBXGroup;
			children = (
				03970F161315CE8300F15C7E /* INAppStoreWindow */,
				03970EFF1315CE4400F15C7E /* SampleApp */,
				030C7A6615EE8D730050DFB5 /* SampleDocumentApp */,
				03970EF81315CE4400F15C7E /* Frameworks */,
				03970EF61315CE4400F15C7E /* Products */,
			);
			sourceTree = "<group>";
			usesTabs = 1;
		};
		03970EF61315CE4400F15C7E /* Products */ = {
			isa = PBXGroup;
			children = (
				03970EF51315CE4400F15C7E /* SampleApp.app */,
				030C7A5F15EE8D730050DFB5 /* SampleDocumentApp.app */,
			);
			name = Products;
			sourceTree = "<group>";
		};
		03970EF81315CE4400F15C7E /* Frameworks */ = {
			isa = PBXGroup;
			children = (
				140B90C1195E0DC8009D9445 /* Carbon.framework */,
				03970EF91315CE4400F15C7E /* Cocoa.framework */,
			);
			name = Frameworks;
			sourceTree = "<group>";
		};
		03970EFF1315CE4400F15C7E /* SampleApp */ = {
			isa = PBXGroup;
			children = (
				03970F0B1315CE4400F15C7E /* SampleAppAppDelegate.h */,
				03970F0C1315CE4400F15C7E /* SampleAppAppDelegate.m */,
				03970F1A1315CECF00F15C7E /* SampleWindowController.h */,
				03970F1B1315CECF00F15C7E /* SampleWindowController.m */,
				03970F0E1315CE4400F15C7E /* MainMenu.xib */,
				03970F1D1315D2CB00F15C7E /* SampleWindow.xib */,
				E924073C16A2F4EB00989DF3 /* Resources */,
				03970F001315CE4400F15C7E /* Supporting Files */,
			);
			name = SampleApp;
			path = Examples/SampleApp;
			sourceTree = "<group>";
		};
		03970F001315CE4400F15C7E /* Supporting Files */ = {
			isa = PBXGroup;
			children = (
				03970F081315CE4400F15C7E /* Credits.rtf */,
				03970F021315CE4400F15C7E /* InfoPlist.strings */,
				03970F011315CE4400F15C7E /* SampleApp-Info.plist */,
				03970F051315CE4400F15C7E /* SampleApp-Prefix.pch */,
				03970F061315CE4400F15C7E /* main.m */,
			);
			name = "Supporting Files";
			sourceTree = "<group>";
		};
		03970F161315CE8300F15C7E /* INAppStoreWindow */ = {
			isa = PBXGroup;
			children = (
				03657F38187A4D1F00C969BA /* Extensions */,
				14739470194C31330012F94C /* INAppStoreWindowCompatibility.h */,
				03657F30187A4D1500C969BA /* INAppStoreWindow.h */,
				03657F31187A4D1500C969BA /* INAppStoreWindow.m */,
				03657F32187A4D1500C969BA /* INWindowButton.h */,
				03657F33187A4D1500C969BA /* INWindowButton.m */,
			);
			path = INAppStoreWindow;
			sourceTree = "<group>";
		};
		E924073C16A2F4EB00989DF3 /* Resources */ = {
			isa = PBXGroup;
			children = (
				E924073D16A2F4F200989DF3 /* close-active-color.tiff */,
				E924073E16A2F4F200989DF3 /* close-activenokey-color.tiff */,
				E924073F16A2F4F200989DF3 /* close-inactive-disabled-color.tiff */,
				E924074016A2F4F200989DF3 /* close-pd-color.tiff */,
				E924074116A2F4F200989DF3 /* close-rollover-color.tiff */,
				E924074716A2F4F200989DF3 /* minimize-active-color.tiff */,
				E924074816A2F4F200989DF3 /* minimize-activenokey-color.tiff */,
				E924074916A2F4F200989DF3 /* minimize-inactive-disabled-color.tiff */,
				E924074A16A2F4F200989DF3 /* minimize-pd-color.tiff */,
				E924074B16A2F4F200989DF3 /* minimize-rollover-color.tiff */,
				E924074C16A2F4F200989DF3 /* zoom-active-color.tiff */,
				E924074D16A2F4F200989DF3 /* zoom-activenokey-color.tiff */,
				E924074E16A2F4F200989DF3 /* zoom-inactive-disabled-color.tiff */,
				E924074F16A2F4F200989DF3 /* zoom-pd-color.tiff */,
				E924075016A2F4F200989DF3 /* zoom-rollover-color.tiff */,
			);
			name = Resources;
			sourceTree = "<group>";
		};
/* End PBXGroup section */

/* Begin PBXNativeTarget section */
		030C7A5E15EE8D730050DFB5 /* SampleDocumentApp */ = {
			isa = PBXNativeTarget;
			buildConfigurationList = 030C7A7D15EE8D730050DFB5 /* Build configuration list for PBXNativeTarget "SampleDocumentApp" */;
			buildPhases = (
				030C7A5B15EE8D730050DFB5 /* Sources */,
				030C7A5C15EE8D730050DFB5 /* Frameworks */,
				030C7A5D15EE8D730050DFB5 /* Resources */,
			);
			buildRules = (
			);
			dependencies = (
			);
			name = SampleDocumentApp;
			productName = SampleDocumentApp;
			productReference = 030C7A5F15EE8D730050DFB5 /* SampleDocumentApp.app */;
			productType = "com.apple.product-type.application";
		};
		03970EF41315CE4400F15C7E /* SampleApp */ = {
			isa = PBXNativeTarget;
			buildConfigurationList = 03970F131315CE4400F15C7E /* Build configuration list for PBXNativeTarget "SampleApp" */;
			buildPhases = (
				03970EF11315CE4400F15C7E /* Sources */,
				03970EF21315CE4400F15C7E /* Frameworks */,
				03970EF31315CE4400F15C7E /* Resources */,
			);
			buildRules = (
			);
			dependencies = (
			);
			name = SampleApp;
			productName = SampleApp;
			productReference = 03970EF51315CE4400F15C7E /* SampleApp.app */;
			productType = "com.apple.product-type.application";
		};
/* End PBXNativeTarget section */

/* Begin PBXProject section */
		03970EEC1315CE4400F15C7E /* Project object */ = {
			isa = PBXProject;
			attributes = {
				LastUpgradeCheck = 0500;
				ORGANIZATIONNAME = "Indragie Karunaratne";
			};
			buildConfigurationList = 03970EEF1315CE4400F15C7E /* Build configuration list for PBXProject "INAppStoreWindow" */;
			compatibilityVersion = "Xcode 3.2";
			developmentRegion = English;
			hasScannedForEncodings = 0;
			knownRegions = (
				en,
			);
			mainGroup = 03970EEA1315CE4400F15C7E;
			productRefGroup = 03970EF61315CE4400F15C7E /* Products */;
			projectDirPath = "";
			projectRoot = "";
			targets = (
				03970EF41315CE4400F15C7E /* SampleApp */,
				030C7A5E15EE8D730050DFB5 /* SampleDocumentApp */,
			);
		};
/* End PBXProject section */

/* Begin PBXResourcesBuildPhase section */
		030C7A5D15EE8D730050DFB5 /* Resources */ = {
			isa = PBXResourcesBuildPhase;
			buildActionMask = 2147483647;
			files = (
				030C7A6B15EE8D730050DFB5 /* InfoPlist.strings in Resources */,
				030C7A7115EE8D730050DFB5 /* Credits.rtf in Resources */,
				030C7A7715EE8D730050DFB5 /* Document.xib in Resources */,
				030C7A7A15EE8D730050DFB5 /* MainMenu.xib in Resources */,
				E924075216A2F4F200989DF3 /* close-active-color.tiff in Resources */,
				E924075416A2F4F200989DF3 /* close-activenokey-color.tiff in Resources */,
				E924075616A2F4F200989DF3 /* close-inactive-disabled-color.tiff in Resources */,
				E924075816A2F4F200989DF3 /* close-pd-color.tiff in Resources */,
				E924075A16A2F4F200989DF3 /* close-rollover-color.tiff in Resources */,
				E924076616A2F4F200989DF3 /* minimize-active-color.tiff in Resources */,
				E924076816A2F4F200989DF3 /* minimize-activenokey-color.tiff in Resources */,
				E924076A16A2F4F200989DF3 /* minimize-inactive-disabled-color.tiff in Resources */,
				E924076C16A2F4F200989DF3 /* minimize-pd-color.tiff in Resources */,
				E924076E16A2F4F200989DF3 /* minimize-rollover-color.tiff in Resources */,
				E924077016A2F4F200989DF3 /* zoom-active-color.tiff in Resources */,
				E924077216A2F4F200989DF3 /* zoom-activenokey-color.tiff in Resources */,
				E924077416A2F4F200989DF3 /* zoom-inactive-disabled-color.tiff in Resources */,
				E924077616A2F4F200989DF3 /* zoom-pd-color.tiff in Resources */,
				E924077816A2F4F200989DF3 /* zoom-rollover-color.tiff in Resources */,
			);
			runOnlyForDeploymentPostprocessing = 0;
		};
		03970EF31315CE4400F15C7E /* Resources */ = {
			isa = PBXResourcesBuildPhase;
			buildActionMask = 2147483647;
			files = (
				03970F041315CE4400F15C7E /* InfoPlist.strings in Resources */,
				03970F0A1315CE4400F15C7E /* Credits.rtf in Resources */,
				03970F101315CE4400F15C7E /* MainMenu.xib in Resources */,
				03970F1E1315D2CB00F15C7E /* SampleWindow.xib in Resources */,
				E924075116A2F4F200989DF3 /* close-active-color.tiff in Resources */,
				E924075316A2F4F200989DF3 /* close-activenokey-color.tiff in Resources */,
				E924075516A2F4F200989DF3 /* close-inactive-disabled-color.tiff in Resources */,
				E924075716A2F4F200989DF3 /* close-pd-color.tiff in Resources */,
				E924075916A2F4F200989DF3 /* close-rollover-color.tiff in Resources */,
				E924076516A2F4F200989DF3 /* minimize-active-color.tiff in Resources */,
				E924076716A2F4F200989DF3 /* minimize-activenokey-color.tiff in Resources */,
				E924076916A2F4F200989DF3 /* minimize-inactive-disabled-color.tiff in Resources */,
				E924076B16A2F4F200989DF3 /* minimize-pd-color.tiff in Resources */,
				E924076D16A2F4F200989DF3 /* minimize-rollover-color.tiff in Resources */,
				E924076F16A2F4F200989DF3 /* zoom-active-color.tiff in Resources */,
				E924077116A2F4F200989DF3 /* zoom-activenokey-color.tiff in Resources */,
				E924077316A2F4F200989DF3 /* zoom-inactive-disabled-color.tiff in Resources */,
				E924077516A2F4F200989DF3 /* zoom-pd-color.tiff in Resources */,
				E924077716A2F4F200989DF3 /* zoom-rollover-color.tiff in Resources */,
			);
			runOnlyForDeploymentPostprocessing = 0;
		};
/* End PBXResourcesBuildPhase section */

/* Begin PBXSourcesBuildPhase section */
		030C7A5B15EE8D730050DFB5 /* Sources */ = {
			isa = PBXSourcesBuildPhase;
			buildActionMask = 2147483647;
			files = (
				03657F3B187A4D6B00C969BA /* NSDocument+INAppStoreWindowFixes.m in Sources */,
				03657F35187A4D1500C969BA /* INAppStoreWindow.m in Sources */,
				140B90C3195E0DE0009D9445 /* INWindowBackgroundView+CoreUIRendering.m in Sources */,
				030C7A6D15EE8D730050DFB5 /* main.m in Sources */,
				03657F37187A4D1500C969BA /* INWindowButton.m in Sources */,
				030C7A7415EE8D730050DFB5 /* Document.m in Sources */,
				14F93E621884477000FAF7C8 /* INAppStoreWindowSwizzling.c in Sources */,
			);
			runOnlyForDeploymentPostprocessing = 0;
		};
		03970EF11315CE4400F15C7E /* Sources */ = {
			isa = PBXSourcesBuildPhase;
			buildActionMask = 2147483647;
			files = (
				03970F071315CE4400F15C7E /* main.m in Sources */,
				03970F0D1315CE4400F15C7E /* SampleAppAppDelegate.m in Sources */,
				140B90C4195E0DE1009D9445 /* INWindowBackgroundView+CoreUIRendering.m in Sources */,
				03657F36187A4D1500C969BA /* INWindowButton.m in Sources */,
				03657F34187A4D1500C969BA /* INAppStoreWindow.m in Sources */,
				03970F1C1315CECF00F15C7E /* SampleWindowController.m in Sources */,
				14F93E611884477000FAF7C8 /* INAppStoreWindowSwizzling.c in Sources */,
			);
			runOnlyForDeploymentPostprocessing = 0;
		};
/* End PBXSourcesBuildPhase section */

/* Begin PBXVariantGroup section */
		030C7A6915EE8D730050DFB5 /* InfoPlist.strings */ = {
			isa = PBXVariantGroup;
			children = (
				030C7A6A15EE8D730050DFB5 /* en */,
			);
			name = InfoPlist.strings;
			sourceTree = "<group>";
		};
		030C7A6F15EE8D730050DFB5 /* Credits.rtf */ = {
			isa = PBXVariantGroup;
			children = (
				030C7A7015EE8D730050DFB5 /* en */,
			);
			name = Credits.rtf;
			sourceTree = "<group>";
		};
		030C7A7515EE8D730050DFB5 /* Document.xib */ = {
			isa = PBXVariantGroup;
			children = (
				030C7A7615EE8D730050DFB5 /* en */,
			);
			name = Document.xib;
			sourceTree = "<group>";
		};
		030C7A7815EE8D730050DFB5 /* MainMenu.xib */ = {
			isa = PBXVariantGroup;
			children = (
				030C7A7915EE8D730050DFB5 /* en */,
			);
			name = MainMenu.xib;
			sourceTree = "<group>";
		};
		03970F021315CE4400F15C7E /* InfoPlist.strings */ = {
			isa = PBXVariantGroup;
			children = (
				03970F031315CE4400F15C7E /* en */,
			);
			name = InfoPlist.strings;
			sourceTree = "<group>";
		};
		03970F081315CE4400F15C7E /* Credits.rtf */ = {
			isa = PBXVariantGroup;
			children = (
				03970F091315CE4400F15C7E /* en */,
			);
			name = Credits.rtf;
			sourceTree = "<group>";
		};
		03970F0E1315CE4400F15C7E /* MainMenu.xib */ = {
			isa = PBXVariantGroup;
			children = (
				03970F0F1315CE4400F15C7E /* en */,
			);
			name = MainMenu.xib;
			sourceTree = "<group>";
		};
/* End PBXVariantGroup section */

/* Begin XCBuildConfiguration section */
		030C7A7B15EE8D730050DFB5 /* Debug */ = {
			isa = XCBuildConfiguration;
			buildSettings = {
				ALWAYS_SEARCH_USER_PATHS = NO;
				CLANG_CXX_LANGUAGE_STANDARD = "gnu++0x";
				CLANG_CXX_LIBRARY = "libc++";
				CLANG_ENABLE_OBJC_ARC = YES;
				CLANG_WARN__DUPLICATE_METHOD_MATCH = YES;
				COMBINE_HIDPI_IMAGES = YES;
				COPY_PHASE_STRIP = NO;
				GCC_DYNAMIC_NO_PIC = NO;
				GCC_ENABLE_OBJC_EXCEPTIONS = YES;
				GCC_PRECOMPILE_PREFIX_HEADER = YES;
				GCC_PREFIX_HEADER = "Examples/SampleDocumentApp/SampleDocumentApp-Prefix.pch";
				GCC_PREPROCESSOR_DEFINITIONS = (
					"DEBUG=1",
					"$(inherited)",
				);
				GCC_SYMBOLS_PRIVATE_EXTERN = NO;
				GCC_WARN_UNINITIALIZED_AUTOS = YES;
				INFOPLIST_FILE = "Examples/SampleDocumentApp/SampleDocumentApp-Info.plist";
				PRODUCT_NAME = "$(TARGET_NAME)";
				WRAPPER_EXTENSION = app;
			};
			name = Debug;
		};
		030C7A7C15EE8D730050DFB5 /* Release */ = {
			isa = XCBuildConfiguration;
			buildSettings = {
				ALWAYS_SEARCH_USER_PATHS = NO;
				CLANG_CXX_LANGUAGE_STANDARD = "gnu++0x";
				CLANG_CXX_LIBRARY = "libc++";
				CLANG_ENABLE_OBJC_ARC = YES;
				CLANG_WARN__DUPLICATE_METHOD_MATCH = YES;
				COMBINE_HIDPI_IMAGES = YES;
				COPY_PHASE_STRIP = YES;
				DEBUG_INFORMATION_FORMAT = "dwarf-with-dsym";
				GCC_ENABLE_OBJC_EXCEPTIONS = YES;
				GCC_PRECOMPILE_PREFIX_HEADER = YES;
				GCC_PREFIX_HEADER = "Examples/SampleDocumentApp/SampleDocumentApp-Prefix.pch";
				GCC_WARN_UNINITIALIZED_AUTOS = YES;
				INFOPLIST_FILE = "Examples/SampleDocumentApp/SampleDocumentApp-Info.plist";
				PRODUCT_NAME = "$(TARGET_NAME)";
				WRAPPER_EXTENSION = app;
			};
			name = Release;
		};
		03970F111315CE4400F15C7E /* Debug */ = {
			isa = XCBuildConfiguration;
			buildSettings = {
				CLANG_ENABLE_OBJC_ARC = YES;
				CLANG_WARN_BOOL_CONVERSION = YES;
				CLANG_WARN_CONSTANT_CONVERSION = YES;
				CLANG_WARN_EMPTY_BODY = YES;
				CLANG_WARN_ENUM_CONVERSION = YES;
				CLANG_WARN_INT_CONVERSION = YES;
				CLANG_WARN__DUPLICATE_METHOD_MATCH = YES;
				GCC_C_LANGUAGE_STANDARD = gnu99;
				GCC_OPTIMIZATION_LEVEL = 0;
				GCC_PREPROCESSOR_DEFINITIONS = DEBUG;
				GCC_VERSION = com.apple.compilers.llvm.clang.1_0;
				GCC_WARN_64_TO_32_BIT_CONVERSION = YES;
				GCC_WARN_ABOUT_RETURN_TYPE = YES;
				GCC_WARN_UNDECLARED_SELECTOR = YES;
				GCC_WARN_UNINITIALIZED_AUTOS = YES;
				GCC_WARN_UNUSED_FUNCTION = YES;
				GCC_WARN_UNUSED_VARIABLE = YES;
				MACOSX_DEPLOYMENT_TARGET = 10.6;
				ONLY_ACTIVE_ARCH = YES;
				SDKROOT = macosx;
			};
			name = Debug;
		};
		03970F121315CE4400F15C7E /* Release */ = {
			isa = XCBuildConfiguration;
			buildSettings = {
				CLANG_ENABLE_OBJC_ARC = YES;
				CLANG_WARN_BOOL_CONVERSION = YES;
				CLANG_WARN_CONSTANT_CONVERSION = YES;
				CLANG_WARN_EMPTY_BODY = YES;
				CLANG_WARN_ENUM_CONVERSION = YES;
				CLANG_WARN_INT_CONVERSION = YES;
				CLANG_WARN__DUPLICATE_METHOD_MATCH = YES;
				GCC_C_LANGUAGE_STANDARD = gnu99;
				GCC_VERSION = com.apple.compilers.llvm.clang.1_0;
				GCC_WARN_64_TO_32_BIT_CONVERSION = YES;
				GCC_WARN_ABOUT_RETURN_TYPE = YES;
				GCC_WARN_UNDECLARED_SELECTOR = YES;
				GCC_WARN_UNINITIALIZED_AUTOS = YES;
				GCC_WARN_UNUSED_FUNCTION = YES;
				GCC_WARN_UNUSED_VARIABLE = YES;
				MACOSX_DEPLOYMENT_TARGET = 10.6;
				SDKROOT = macosx;
			};
			name = Release;
		};
		03970F141315CE4400F15C7E /* Debug */ = {
			isa = XCBuildConfiguration;
			buildSettings = {
				ALWAYS_SEARCH_USER_PATHS = NO;
				CLANG_ENABLE_OBJC_ARC = YES;
				COMBINE_HIDPI_IMAGES = YES;
				COPY_PHASE_STRIP = NO;
				GCC_DYNAMIC_NO_PIC = NO;
				GCC_ENABLE_OBJC_EXCEPTIONS = YES;
				GCC_PRECOMPILE_PREFIX_HEADER = YES;
				GCC_PREFIX_HEADER = "Examples/SampleApp/SampleApp-Prefix.pch";
				INFOPLIST_FILE = "Examples/SampleApp/SampleApp-Info.plist";
				PRODUCT_NAME = "$(TARGET_NAME)";
				WRAPPER_EXTENSION = app;
			};
			name = Debug;
		};
		03970F151315CE4400F15C7E /* Release */ = {
			isa = XCBuildConfiguration;
			buildSettings = {
				ALWAYS_SEARCH_USER_PATHS = NO;
				CLANG_ENABLE_OBJC_ARC = YES;
				COMBINE_HIDPI_IMAGES = YES;
				COPY_PHASE_STRIP = YES;
				DEBUG_INFORMATION_FORMAT = "dwarf-with-dsym";
				GCC_ENABLE_OBJC_EXCEPTIONS = YES;
				GCC_PRECOMPILE_PREFIX_HEADER = YES;
				GCC_PREFIX_HEADER = "Examples/SampleApp/SampleApp-Prefix.pch";
				INFOPLIST_FILE = "Examples/SampleApp/SampleApp-Info.plist";
				PRODUCT_NAME = "$(TARGET_NAME)";
				WRAPPER_EXTENSION = app;
			};
			name = Release;
		};
/* End XCBuildConfiguration section */

/* Begin XCConfigurationList section */
		030C7A7D15EE8D730050DFB5 /* Build configuration list for PBXNativeTarget "SampleDocumentApp" */ = {
			isa = XCConfigurationList;
			buildConfigurations = (
				030C7A7B15EE8D730050DFB5 /* Debug */,
				030C7A7C15EE8D730050DFB5 /* Release */,
			);
			defaultConfigurationIsVisible = 0;
			defaultConfigurationName = Release;
		};
		03970EEF1315CE4400F15C7E /* Build configuration list for PBXProject "INAppStoreWindow" */ = {
			isa = XCConfigurationList;
			buildConfigurations = (
				03970F111315CE4400F15C7E /* Debug */,
				03970F121315CE4400F15C7E /* Release */,
			);
			defaultConfigurationIsVisible = 0;
			defaultConfigurationName = Release;
		};
		03970F131315CE4400F15C7E /* Build configuration list for PBXNativeTarget "SampleApp" */ = {
			isa = XCConfigurationList;
			buildConfigurations = (
				03970F141315CE4400F15C7E /* Debug */,
				03970F151315CE4400F15C7E /* Release */,
			);
			defaultConfigurationIsVisible = 0;
			defaultConfigurationName = Release;
		};
/* End XCConfigurationList section */
	};
	rootObject = 03970EEC1315CE4400F15C7E /* Project object */;
}
